
Microsoft Visual Studio Solution File, Format Version 12.00
# Visual Studio Version 17
VisualStudioVersion = 17.8.34330.188
MinimumVisualStudioVersion = 10.0.40219.1
Project("{9A19103F-16F7-4668-BE54-9A1E7A4F7556}") = "Pastebug.WebApi", "Pastebug.WebApi\Pastebug.WebApi.csproj", "{54B12E96-53DE-452F-AFB2-F9E0BFA4412F}"
EndProject
Project("{9A19103F-16F7-4668-BE54-9A1E7A4F7556}") = "Pastebug.BLL", "Pastebug.BLL\Pastebug.BLL.csproj", "{BC7CB496-B14E-433E-9CD9-51AFA0DA1F38}"
EndProject
Project("{9A19103F-16F7-4668-BE54-9A1E7A4F7556}") = "Pastebug.DAL", "Pastebug.DAL\Pastebug.DAL.csproj", "{9BBE4A89-7A0E-46FB-AA2B-7373236CDE4D}"
EndProject
Project("{9A19103F-16F7-4668-BE54-9A1E7A4F7556}") = "Pastebug.Tests.Unit", "Pastebug.Tests.Unit\Pastebug.Tests.Unit.csproj", "{23671584-6F33-49E6-8F58-4188C71740B3}"
EndProject
Project("{9A19103F-16F7-4668-BE54-9A1E7A4F7556}") = "Pastebug.Domain", "Pastebuf.Domain\Pastebug.Domain.csproj", "{5770B9B6-E688-46CF-8AEB-5BFB84E4DCF6}"
EndProject
Project("{FAE04EC0-301F-11D3-BF4B-00C04F79EFBC}") = "Pastebug.Tests.Integration", "Pastebug.Tests.Integration\Pastebug.Tests.Integration.csproj", "{69844D4D-7EA8-4041-9110-069EA8466AFE}"
EndProject
Project("{FAE04EC0-301F-11D3-BF4B-00C04F79EFBC}") = "Pastebug.Test.IntegrationX", "Pastebug.Test.IntegrationX\Pastebug.Test.IntegrationX.csproj", "{C6BEF9B5-CAC6-4106-AEF7-9331FA21672D}"
EndProject
Global
	GlobalSection(SolutionConfigurationPlatforms) = preSolution
		Debug|Any CPU = Debug|Any CPU
		Release|Any CPU = Release|Any CPU
	EndGlobalSection
	GlobalSection(ProjectConfigurationPlatforms) = postSolution
		{54B12E96-53DE-452F-AFB2-F9E0BFA4412F}.Debug|Any CPU.ActiveCfg = Debug|Any CPU
		{54B12E96-53DE-452F-AFB2-F9E0BFA4412F}.Debug|Any CPU.Build.0 = Debug|Any CPU
		{54B12E96-53DE-452F-AFB2-F9E0BFA4412F}.Release|Any CPU.ActiveCfg = Release|Any CPU
		{54B12E96-53DE-452F-AFB2-F9E0BFA4412F}.Release|Any CPU.Build.0 = Release|Any CPU
		{BC7CB496-B14E-433E-9CD9-51AFA0DA1F38}.Debug|Any CPU.ActiveCfg = Debug|Any CPU
		{BC7CB496-B14E-433E-9CD9-51AFA0DA1F38}.Debug|Any CPU.Build.0 = Debug|Any CPU
		{BC7CB496-B14E-433E-9CD9-51AFA0DA1F38}.Release|Any CPU.ActiveCfg = Release|Any CPU
		{BC7CB496-B14E-433E-9CD9-51AFA0DA1F38}.Release|Any CPU.Build.0 = Release|Any CPU
		{9BBE4A89-7A0E-46FB-AA2B-7373236CDE4D}.Debug|Any CPU.ActiveCfg = Debug|Any CPU
		{9BBE4A89-7A0E-46FB-AA2B-7373236CDE4D}.Debug|Any CPU.Build.0 = Debug|Any CPU
		{9BBE4A89-7A0E-46FB-AA2B-7373236CDE4D}.Release|Any CPU.ActiveCfg = Release|Any CPU
		{9BBE4A89-7A0E-46FB-AA2B-7373236CDE4D}.Release|Any CPU.Build.0 = Release|Any CPU
		{23671584-6F33-49E6-8F58-4188C71740B3}.Debug|Any CPU.ActiveCfg = Debug|Any CPU
		{23671584-6F33-49E6-8F58-4188C71740B3}.Debug|Any CPU.Build.0 = Debug|Any CPU
		{23671584-6F33-49E6-8F58-4188C71740B3}.Release|Any CPU.ActiveCfg = Release|Any CPU
		{23671584-6F33-49E6-8F58-4188C71740B3}.Release|Any CPU.Build.0 = Release|Any CPU
		{5770B9B6-E688-46CF-8AEB-5BFB84E4DCF6}.Debug|Any CPU.ActiveCfg = Debug|Any CPU
		{5770B9B6-E688-46CF-8AEB-5BFB84E4DCF6}.Debug|Any CPU.Build.0 = Debug|Any CPU
		{5770B9B6-E688-46CF-8AEB-5BFB84E4DCF6}.Release|Any CPU.ActiveCfg = Release|Any CPU
		{5770B9B6-E688-46CF-8AEB-5BFB84E4DCF6}.Release|Any CPU.Build.0 = Release|Any CPU
		{69844D4D-7EA8-4041-9110-069EA8466AFE}.Debug|Any CPU.ActiveCfg = Debug|Any CPU
		{69844D4D-7EA8-4041-9110-069EA8466AFE}.Debug|Any CPU.Build.0 = Debug|Any CPU
		{69844D4D-7EA8-4041-9110-069EA8466AFE}.Release|Any CPU.ActiveCfg = Release|Any CPU
		{69844D4D-7EA8-4041-9110-069EA8466AFE}.Release|Any CPU.Build.0 = Release|Any CPU
		{C6BEF9B5-CAC6-4106-AEF7-9331FA21672D}.Debug|Any CPU.ActiveCfg = Debug|Any CPU
		{C6BEF9B5-CAC6-4106-AEF7-9331FA21672D}.Debug|Any CPU.Build.0 = Debug|Any CPU
		{C6BEF9B5-CAC6-4106-AEF7-9331FA21672D}.Release|Any CPU.ActiveCfg = Release|Any CPU
		{C6BEF9B5-CAC6-4106-AEF7-9331FA21672D}.Release|Any CPU.Build.0 = Release|Any CPU
	EndGlobalSection
	GlobalSection(SolutionProperties) = preSolution
		HideSolutionNode = FALSE
	EndGlobalSection
	GlobalSection(ExtensibilityGlobals) = postSolution
		SolutionGuid = {AB08CD6C-BF7C-4A81-A384-73378EC7C4F1}
	EndGlobalSection
EndGlobal
